
Microsoft Visual Studio Solution File, Format Version 12.00
# Visual Studio Version 16
VisualStudioVersion = 16.0.30523.141
MinimumVisualStudioVersion = 10.0.40219.1
Project("{FAE04EC0-301F-11D3-BF4B-00C04F79EFBC}") = "Rad_Alexandra_Proiect", "Rad_Alexandra_Proiect.csproj", "{09673579-6D95-4D0E-B373-E0ACB6AD0CE9}"
EndProject
Project("{FAE04EC0-301F-11D3-BF4B-00C04F79EFBC}") = "ClothesLotModel", "..\ClothesLotModel\ClothesLotModel.csproj", "{4FCB67BB-EECC-46C3-8725-2BBD7F1A00C7}"
EndProject
Global
	GlobalSection(SolutionConfigurationPlatforms) = preSolution
		Debug|Any CPU = Debug|Any CPU
		Release|Any CPU = Release|Any CPU
	EndGlobalSection
	GlobalSection(ProjectConfigurationPlatforms) = postSolution
		{09673579-6D95-4D0E-B373-E0ACB6AD0CE9}.Debug|Any CPU.ActiveCfg = Debug|Any CPU
		{09673579-6D95-4D0E-B373-E0ACB6AD0CE9}.Debug|Any CPU.Build.0 = Debug|Any CPU
		{09673579-6D95-4D0E-B373-E0ACB6AD0CE9}.Release|Any CPU.ActiveCfg = Release|Any CPU
		{09673579-6D95-4D0E-B373-E0ACB6AD0CE9}.Release|Any CPU.Build.0 = Release|Any CPU
		{4FCB67BB-EECC-46C3-8725-2BBD7F1A00C7}.Debug|Any CPU.ActiveCfg = Debug|Any CPU
		{4FCB67BB-EECC-46C3-8725-2BBD7F1A00C7}.Debug|Any CPU.Build.0 = Debug|Any CPU
		{4FCB67BB-EECC-46C3-8725-2BBD7F1A00C7}.Release|Any CPU.ActiveCfg = Release|Any CPU
		{4FCB67BB-EECC-46C3-8725-2BBD7F1A00C7}.Release|Any CPU.Build.0 = Release|Any CPU
	EndGlobalSection
	GlobalSection(SolutionProperties) = preSolution
		HideSolutionNode = FALSE
	EndGlobalSection
	GlobalSection(ExtensibilityGlobals) = postSolution
		SolutionGuid = {03E667DD-96D8-437A-AD37-CDD51DA91908}
	EndGlobalSection
EndGlobal
